
Microsoft Visual Studio Solution File, Format Version 12.00
# Visual Studio 15
VisualStudioVersion = 15.0.27428.2011
MinimumVisualStudioVersion = 10.0.40219.1
Project("{FAE04EC0-301F-11D3-BF4B-00C04F79EFBC}") = "TimSnyderLab1_2.0", "TimSnyderLab1_2.0\TimSnyderLab1_2.0.csproj", "{B160BCD5-0E10-4199-9D55-C1A890F8C871}"
EndProject
Global
	GlobalSection(SolutionConfigurationPlatforms) = preSolution
		Debug|Any CPU = Debug|Any CPU
		Release|Any CPU = Release|Any CPU
	EndGlobalSection
	GlobalSection(ProjectConfigurationPlatforms) = postSolution
		{B160BCD5-0E10-4199-9D55-C1A890F8C871}.Debug|Any CPU.ActiveCfg = Debug|Any CPU
		{B160BCD5-0E10-4199-9D55-C1A890F8C871}.Debug|Any CPU.Build.0 = Debug|Any CPU
		{B160BCD5-0E10-4199-9D55-C1A890F8C871}.Release|Any CPU.ActiveCfg = Release|Any CPU
		{B160BCD5-0E10-4199-9D55-C1A890F8C871}.Release|Any CPU.Build.0 = Release|Any CPU
	EndGlobalSection
	GlobalSection(SolutionProperties) = preSolution
		HideSolutionNode = FALSE
	EndGlobalSection
	GlobalSection(ExtensibilityGlobals) = postSolution
		SolutionGuid = {3EB4A020-79FC-4A50-B944-F58FCBAE30A5}
	EndGlobalSection
EndGlobal
